// !$*UTF8*$!
{
	archiveVersion = 1;
	classes = {
	};
	objectVersion = 48;
	objects = {

/* Begin PBXBuildFile section */
		2DBF9411205124A5000AFD07 /* AppDelegate.swift in Sources */ = {isa = PBXBuildFile; fileRef = 2DBF9410205124A5000AFD07 /* AppDelegate.swift */; };
		2DBF9413205124A5000AFD07 /* ViewController.swift in Sources */ = {isa = PBXBuildFile; fileRef = 2DBF9412205124A5000AFD07 /* ViewController.swift */; };
		2DBF9416205124A5000AFD07 /* Main.storyboard in Resources */ = {isa = PBXBuildFile; fileRef = 2DBF9414205124A5000AFD07 /* Main.storyboard */; };
		2DBF9418205124A5000AFD07 /* Assets.xcassets in Resources */ = {isa = PBXBuildFile; fileRef = 2DBF9417205124A5000AFD07 /* Assets.xcassets */; };
		2DBF941B205124A5000AFD07 /* LaunchScreen.storyboard in Resources */ = {isa = PBXBuildFile; fileRef = 2DBF9419205124A5000AFD07 /* LaunchScreen.storyboard */; };
		2DBF9423205138FE000AFD07 /* TableViewCell.swift in Sources */ = {isa = PBXBuildFile; fileRef = 2DBF9422205138FE000AFD07 /* TableViewCell.swift */; };
		A2146E6B22FA6C7CF2979C1C /* Pods_Wisata_json_ios.framework in Frameworks */ = {isa = PBXBuildFile; fileRef = 1AF974A4C1540595A44741AF /* Pods_Wisata_json_ios.framework */; };
/* End PBXBuildFile section */

/* Begin PBXFileReference section */
		1AF974A4C1540595A44741AF /* Pods_Wisata_json_ios.framework */ = {isa = PBXFileReference; explicitFileType = wrapper.framework; includeInIndex = 0; path = Pods_Wisata_json_ios.framework; sourceTree = BUILT_PRODUCTS_DIR; };
		2DBF940D205124A5000AFD07 /* Wisata json ios.app */ = {isa = PBXFileReference; explicitFileType = wrapper.application; includeInIndex = 0; path = "Wisata json ios.app"; sourceTree = BUILT_PRODUCTS_DIR; };
		2DBF9410205124A5000AFD07 /* AppDelegate.swift */ = {isa = PBXFileReference; lastKnownFileType = sourcecode.swift; path = AppDelegate.swift; sourceTree = "<group>"; };
		2DBF9412205124A5000AFD07 /* ViewController.swift */ = {isa = PBXFileReference; lastKnownFileType = sourcecode.swift; path = ViewController.swift; sourceTree = "<group>"; };
		2DBF9415205124A5000AFD07 /* Base */ = {isa = PBXFileReference; lastKnownFileType = file.storyboard; name = Base; path = Base.lproj/Main.storyboard; sourceTree = "<group>"; };
		2DBF9417205124A5000AFD07 /* Assets.xcassets */ = {isa = PBXFileReference; lastKnownFileType = folder.assetcatalog; path = Assets.xcassets; sourceTree = "<group>"; };
		2DBF941A205124A5000AFD07 /* Base */ = {isa = PBXFileReference; lastKnownFileType = file.storyboard; name = Base; path = Base.lproj/LaunchScreen.storyboard; sourceTree = "<group>"; };
		2DBF941C205124A5000AFD07 /* Info.plist */ = {isa = PBXFileReference; lastKnownFileType = text.plist.xml; path = Info.plist; sourceTree = "<group>"; };
		2DBF9422205138FE000AFD07 /* TableViewCell.swift */ = {isa = PBXFileReference; lastKnownFileType = sourcecode.swift; path = TableViewCell.swift; sourceTree = "<group>"; };
		463051151668F621BABF6AF3 /* Pods-Wisata json ios.debug.xcconfig */ = {isa = PBXFileReference; includeInIndex = 1; lastKnownFileType = text.xcconfig; name = "Pods-Wisata json ios.debug.xcconfig"; path = "Pods/Target Support Files/Pods-Wisata json ios/Pods-Wisata json ios.debug.xcconfig"; sourceTree = "<group>"; };
		872652519FD621A3816FDB37 /* Pods-Wisata json ios.release.xcconfig */ = {isa = PBXFileReference; includeInIndex = 1; lastKnownFileType = text.xcconfig; name = "Pods-Wisata json ios.release.xcconfig"; path = "Pods/Target Support Files/Pods-Wisata json ios/Pods-Wisata json ios.release.xcconfig"; sourceTree = "<group>"; };
/* End PBXFileReference section */

/* Begin PBXFrameworksBuildPhase section */
		2DBF940A205124A5000AFD07 /* Frameworks */ = {
			isa = PBXFrameworksBuildPhase;
			buildActionMask = 2147483647;
			files = (
				A2146E6B22FA6C7CF2979C1C /* Pods_Wisata_json_ios.framework in Frameworks */,
			);
			runOnlyForDeploymentPostprocessing = 0;
		};
/* End PBXFrameworksBuildPhase section */

/* Begin PBXGroup section */
		2DBF9404205124A5000AFD07 = {
			isa = PBXGroup;
			children = (
				2DBF940F205124A5000AFD07 /* Wisata json ios */,
				2DBF940E205124A5000AFD07 /* Products */,
				F56B6BF217ECD77FF510E765 /* Pods */,
				BFB5B5F00B99F237BFAB172F /* Frameworks */,
			);
			sourceTree = "<group>";
		};
		2DBF940E205124A5000AFD07 /* Products */ = {
			isa = PBXGroup;
			children = (
				2DBF940D205124A5000AFD07 /* Wisata json ios.app */,
			);
			name = Products;
			sourceTree = "<group>";
		};
		2DBF940F205124A5000AFD07 /* Wisata json ios */ = {
			isa = PBXGroup;
			children = (
				2DBF9410205124A5000AFD07 /* AppDelegate.swift */,
				2DBF9412205124A5000AFD07 /* ViewController.swift */,
				2DBF9414205124A5000AFD07 /* Main.storyboard */,
				2DBF9417205124A5000AFD07 /* Assets.xcassets */,
				2DBF9419205124A5000AFD07 /* LaunchScreen.storyboard */,
				2DBF941C205124A5000AFD07 /* Info.plist */,
				2DBF9422205138FE000AFD07 /* TableViewCell.swift */,
			);
			path = "Wisata json ios";
			sourceTree = "<group>";
		};
		BFB5B5F00B99F237BFAB172F /* Frameworks */ = {
			isa = PBXGroup;
			children = (
				1AF974A4C1540595A44741AF /* Pods_Wisata_json_ios.framework */,
			);
			name = Frameworks;
			sourceTree = "<group>";
		};
		F56B6BF217ECD77FF510E765 /* Pods */ = {
			isa = PBXGroup;
			children = (
				463051151668F621BABF6AF3 /* Pods-Wisata json ios.debug.xcconfig */,
				872652519FD621A3816FDB37 /* Pods-Wisata json ios.release.xcconfig */,
			);
			name = Pods;
			sourceTree = "<group>";
		};
/* End PBXGroup section */

/* Begin PBXNativeTarget section */
		2DBF940C205124A5000AFD07 /* Wisata json ios */ = {
			isa = PBXNativeTarget;
			buildConfigurationList = 2DBF941F205124A5000AFD07 /* Build configuration list for PBXNativeTarget "Wisata json ios" */;
			buildPhases = (
				5B5F32D140B1D7E9BAA59A3D /* [CP] Check Pods Manifest.lock */,
				2DBF9409205124A5000AFD07 /* Sources */,
				2DBF940A205124A5000AFD07 /* Frameworks */,
				2DBF940B205124A5000AFD07 /* Resources */,
				788B31178010D941564762F8 /* [CP] Embed Pods Frameworks */,
				CC0E8460BFA8033C08BAA510 /* [CP] Copy Pods Resources */,
			);
			buildRules = (
			);
			dependencies = (
			);
			name = "Wisata json ios";
			productName = "Wisata json ios";
			productReference = 2DBF940D205124A5000AFD07 /* Wisata json ios.app */;
			productType = "com.apple.product-type.application";
		};
/* End PBXNativeTarget section */

/* Begin PBXProject section */
		2DBF9405205124A5000AFD07 /* Project object */ = {
			isa = PBXProject;
			attributes = {
				LastSwiftUpdateCheck = 0920;
				LastUpgradeCheck = 0920;
				ORGANIZATIONNAME = imastudio;
				TargetAttributes = {
					2DBF940C205124A5000AFD07 = {
						CreatedOnToolsVersion = 9.2;
						ProvisioningStyle = Automatic;
					};
				};
			};
			buildConfigurationList = 2DBF9408205124A5000AFD07 /* Build configuration list for PBXProject "Wisata json ios" */;
			compatibilityVersion = "Xcode 8.0";
			developmentRegion = en;
			hasScannedForEncodings = 0;
			knownRegions = (
				en,
				Base,
			);
			mainGroup = 2DBF9404205124A5000AFD07;
			productRefGroup = 2DBF940E205124A5000AFD07 /* Products */;
			projectDirPath = "";
			projectRoot = "";
			targets = (
				2DBF940C205124A5000AFD07 /* Wisata json ios */,
			);
		};
/* End PBXProject section */

/* Begin PBXResourcesBuildPhase section */
		2DBF940B205124A5000AFD07 /* Resources */ = {
			isa = PBXResourcesBuildPhase;
			buildActionMask = 2147483647;
			files = (
				2DBF941B205124A5000AFD07 /* LaunchScreen.storyboard in Resources */,
				2DBF9418205124A5000AFD07 /* Assets.xcassets in Resources */,
				2DBF9416205124A5000AFD07 /* Main.storyboard in Resources */,
			);
			runOnlyForDeploymentPostprocessing = 0;
		};
/* End PBXResourcesBuildPhase section */

/* Begin PBXShellScriptBuildPhase section */
		5B5F32D140B1D7E9BAA59A3D /* [CP] Check Pods Manifest.lock */ = {
			isa = PBXShellScriptBuildPhase;
			buildActionMask = 2147483647;
			files = (
			);
			inputPaths = (
				"${PODS_PODFILE_DIR_PATH}/Podfile.lock",
				"${PODS_ROOT}/Manifest.lock",
			);
			name = "[CP] Check Pods Manifest.lock";
			outputPaths = (
				"$(DERIVED_FILE_DIR)/Pods-Wisata json ios-checkManifestLockResult.txt",
			);
			runOnlyForDeploymentPostprocessing = 0;
			shellPath = /bin/sh;
			shellScript = "diff \"${PODS_PODFILE_DIR_PATH}/Podfile.lock\" \"${PODS_ROOT}/Manifest.lock\" > /dev/null\nif [ $? != 0 ] ; then\n    # print error to STDERR\n    echo \"error: The sandbox is not in sync with the Podfile.lock. Run 'pod install' or update your CocoaPods installation.\" >&2\n    exit 1\nfi\n# This output is used by Xcode 'outputs' to avoid re-running this script phase.\necho \"SUCCESS\" > \"${SCRIPT_OUTPUT_FILE_0}\"\n";
			showEnvVarsInLog = 0;
		};
		788B31178010D941564762F8 /* [CP] Embed Pods Frameworks */ = {
			isa = PBXShellScriptBuildPhase;
			buildActionMask = 2147483647;
			files = (
			);
			inputPaths = (
				"${SRCROOT}/Pods/Target Support Files/Pods-Wisata json ios/Pods-Wisata json ios-frameworks.sh",
				"${BUILT_PRODUCTS_DIR}/Alamofire/Alamofire.framework",
				"${BUILT_PRODUCTS_DIR}/AlamofireImage/AlamofireImage.framework",
				"${BUILT_PRODUCTS_DIR}/SwiftyJSON/SwiftyJSON.framework",
			);
			name = "[CP] Embed Pods Frameworks";
			outputPaths = (
				"${TARGET_BUILD_DIR}/${FRAMEWORKS_FOLDER_PATH}/Alamofire.framework",
				"${TARGET_BUILD_DIR}/${FRAMEWORKS_FOLDER_PATH}/AlamofireImage.framework",
				"${TARGET_BUILD_DIR}/${FRAMEWORKS_FOLDER_PATH}/SwiftyJSON.framework",
			);
			runOnlyForDeploymentPostprocessing = 0;
			shellPath = /bin/sh;
			shellScript = "\"${SRCROOT}/Pods/Target Support Files/Pods-Wisata json ios/Pods-Wisata json ios-frameworks.sh\"\n";
			showEnvVarsInLog = 0;
		};
		CC0E8460BFA8033C08BAA510 /* [CP] Copy Pods Resources */ = {
			isa = PBXShellScriptBuildPhase;
			buildActionMask = 2147483647;
			files = (
			);
			inputPaths = (
			);
			name = "[CP] Copy Pods Resources";
			outputPaths = (
			);
			runOnlyForDeploymentPostprocessing = 0;
			shellPath = /bin/sh;
			shellScript = "\"${SRCROOT}/Pods/Target Support Files/Pods-Wisata json ios/Pods-Wisata json ios-resources.sh\"\n";
			showEnvVarsInLog = 0;
		};
/* End PBXShellScriptBuildPhase section */

/* Begin PBXSourcesBuildPhase section */
		2DBF9409205124A5000AFD07 /* Sources */ = {
			isa = PBXSourcesBuildPhase;
			buildActionMask = 2147483647;
			files = (
				2DBF9423205138FE000AFD07 /* TableViewCell.swift in Sources */,
				2DBF9413205124A5000AFD07 /* ViewController.swift in Sources */,
				2DBF9411205124A5000AFD07 /* AppDelegate.swift in Sources */,
			);
			runOnlyForDeploymentPostprocessing = 0;
		};
/* End PBXSourcesBuildPhase section */

/* Begin PBXVariantGroup section */
		2DBF9414205124A5000AFD07 /* Main.storyboard */ = {
			isa = PBXVariantGroup;
			children = (
				2DBF9415205124A5000AFD07 /* Base */,
			);
			name = Main.storyboard;
			sourceTree = "<group>";
		};
		2DBF9419205124A5000AFD07 /* LaunchScreen.storyboard */ = {
			isa = PBXVariantGroup;
			children = (
				2DBF941A205124A5000AFD07 /* Base */,
			);
			name = LaunchScreen.storyboard;
			sourceTree = "<group>";
		};
/* End PBXVariantGroup section */

/* Begin XCBuildConfiguration section */
		2DBF941D205124A5000AFD07 /* Debug */ = {
			isa = XCBuildConfiguration;
			buildSettings = {
				ALWAYS_SEARCH_USER_PATHS = NO;
				CLANG_ANALYZER_NONNULL = YES;
				CLANG_ANALYZER_NUMBER_OBJECT_CONVERSION = YES_AGGRESSIVE;
				CLANG_CXX_LANGUAGE_STANDARD = "gnu++14";
				CLANG_CXX_LIBRARY = "libc++";
				CLANG_ENABLE_MODULES = YES;
				CLANG_ENABLE_OBJC_ARC = YES;
				CLANG_WARN_BLOCK_CAPTURE_AUTORELEASING = YES;
				CLANG_WARN_BOOL_CONVERSION = YES;
				CLANG_WARN_COMMA = YES;
				CLANG_WARN_CONSTANT_CONVERSION = YES;
				CLANG_WARN_DIRECT_OBJC_ISA_USAGE = YES_ERROR;
				CLANG_WARN_DOCUMENTATION_COMMENTS = YES;
				CLANG_WARN_EMPTY_BODY = YES;
				CLANG_WARN_ENUM_CONVERSION = YES;
				CLANG_WARN_INFINITE_RECURSION = YES;
				CLANG_WARN_INT_CONVERSION = YES;
				CLANG_WARN_NON_LITERAL_NULL_CONVERSION = YES;
				CLANG_WARN_OBJC_LITERAL_CONVERSION = YES;
				CLANG_WARN_OBJC_ROOT_CLASS = YES_ERROR;
				CLANG_WARN_RANGE_LOOP_ANALYSIS = YES;
				CLANG_WARN_STRICT_PROTOTYPES = YES;
				CLANG_WARN_SUSPICIOUS_MOVE = YES;
				CLANG_WARN_UNGUARDED_AVAILABILITY = YES_AGGRESSIVE;
				CLANG_WARN_UNREACHABLE_CODE = YES;
				CLANG_WARN__DUPLICATE_METHOD_MATCH = YES;
				CODE_SIGN_IDENTITY = "iPhone Developer";
				COPY_PHASE_STRIP = NO;
				DEBUG_INFORMATION_FORMAT = dwarf;
				ENABLE_STRICT_OBJC_MSGSEND = YES;
				ENABLE_TESTABILITY = YES;
				GCC_C_LANGUAGE_STANDARD = gnu11;
				GCC_DYNAMIC_NO_PIC = NO;
				GCC_NO_COMMON_BLOCKS = YES;
				GCC_OPTIMIZATION_LEVEL = 0;
				GCC_PREPROCESSOR_DEFINITIONS = (
					"DEBUG=1",
					"$(inherited)",
				);
				GCC_WARN_64_TO_32_BIT_CONVERSION = YES;
				GCC_WARN_ABOUT_RETURN_TYPE = YES_ERROR;
				GCC_WARN_UNDECLARED_SELECTOR = YES;
				GCC_WARN_UNINITIALIZED_AUTOS = YES_AGGRESSIVE;
				GCC_WARN_UNUSED_FUNCTION = YES;
				GCC_WARN_UNUSED_VARIABLE = YES;
				IPHONEOS_DEPLOYMENT_TARGET = 11.2;
				MTL_ENABLE_DEBUG_INFO = YES;
				ONLY_ACTIVE_ARCH = YES;
				SDKROOT = iphoneos;
				SWIFT_ACTIVE_COMPILATION_CONDITIONS = DEBUG;
				SWIFT_OPTIMIZATION_LEVEL = "-Onone";
			};
			name = Debug;
		};
		2DBF941E205124A5000AFD07 /* Release */ = {
			isa = XCBuildConfiguration;
			buildSettings = {
				ALWAYS_SEARCH_USER_PATHS = NO;
				CLANG_ANALYZER_NONNULL = YES;
				CLANG_ANALYZER_NUMBER_OBJECT_CONVERSION = YES_AGGRESSIVE;
				CLANG_CXX_LANGUAGE_STANDARD = "gnu++14";
				CLANG_CXX_LIBRARY = "libc++";
				CLANG_ENABLE_MODULES = YES;
				CLANG_ENABLE_OBJC_ARC = YES;
				CLANG_WARN_BLOCK_CAPTURE_AUTORELEASING = YES;
				CLANG_WARN_BOOL_CONVERSION = YES;
				CLANG_WARN_COMMA = YES;
				CLANG_WARN_CONSTANT_CONVERSION = YES;
				CLANG_WARN_DIRECT_OBJC_ISA_USAGE = YES_ERROR;
				CLANG_WARN_DOCUMENTATION_COMMENTS = YES;
				CLANG_WARN_EMPTY_BODY = YES;
				CLANG_WARN_ENUM_CONVERSION = YES;
				CLANG_WARN_INFINITE_RECURSION = YES;
				CLANG_WARN_INT_CONVERSION = YES;
				CLANG_WARN_NON_LITERAL_NULL_CONVERSION = YES;
				CLANG_WARN_OBJC_LITERAL_CONVERSION = YES;
				CLANG_WARN_OBJC_ROOT_CLASS = YES_ERROR;
				CLANG_WARN_RANGE_LOOP_ANALYSIS = YES;
				CLANG_WARN_STRICT_PROTOTYPES = YES;
				CLANG_WARN_SUSPICIOUS_MOVE = YES;
				CLANG_WARN_UNGUARDED_AVAILABILITY = YES_AGGRESSIVE;
				CLANG_WARN_UNREACHABLE_CODE = YES;
				CLANG_WARN__DUPLICATE_METHOD_MATCH = YES;
				CODE_SIGN_IDENTITY = "iPhone Developer";
				COPY_PHASE_STRIP = NO;
				DEBUG_INFORMATION_FORMAT = "dwarf-with-dsym";
				ENABLE_NS_ASSERTIONS = NO;
				ENABLE_STRICT_OBJC_MSGSEND = YES;
				GCC_C_LANGUAGE_STANDARD = gnu11;
				GCC_NO_COMMON_BLOCKS = YES;
				GCC_WARN_64_TO_32_BIT_CONVERSION = YES;
				GCC_WARN_ABOUT_RETURN_TYPE = YES_ERROR;
				GCC_WARN_UNDECLARED_SELECTOR = YES;
				GCC_WARN_UNINITIALIZED_AUTOS = YES_AGGRESSIVE;
				GCC_WARN_UNUSED_FUNCTION = YES;
				GCC_WARN_UNUSED_VARIABLE = YES;
				IPHONEOS_DEPLOYMENT_TARGET = 11.2;
				MTL_ENABLE_DEBUG_INFO = NO;
				SDKROOT = iphoneos;
				SWIFT_OPTIMIZATION_LEVEL = "-Owholemodule";
				VALIDATE_PRODUCT = YES;
			};
			name = Release;
		};
		2DBF9420205124A5000AFD07 /* Debug */ = {
			isa = XCBuildConfiguration;
			baseConfigurationReference = 463051151668F621BABF6AF3 /* Pods-Wisata json ios.debug.xcconfig */;
			buildSettings = {
				ASSETCATALOG_COMPILER_APPICON_NAME = AppIcon;
				CODE_SIGN_STYLE = Automatic;
				DEVELOPMENT_TEAM = Y5VE7KJP5J;
				INFOPLIST_FILE = "Wisata json ios/Info.plist";
				LD_RUNPATH_SEARCH_PATHS = "$(inherited) @executable_path/Frameworks";
				PRODUCT_BUNDLE_IDENTIFIER = "imastudio.co.id.Wisata-json-ios";
				PRODUCT_NAME = "$(TARGET_NAME)";
				SWIFT_VERSION = 4.0;
				TARGETED_DEVICE_FAMILY = "1,2";
			};
			name = Debug;
		};
		2DBF9421205124A5000AFD07 /* Release */ = {
			isa = XCBuildConfiguration;
			baseConfigurationReference = 872652519FD621A3816FDB37 /* Pods-Wisata json ios.release.xcconfig */;
			buildSettings = {
				ASSETCATALOG_COMPILER_APPICON_NAME = AppIcon;
				CODE_SIGN_STYLE = Automatic;
				DEVELOPMENT_TEAM = Y5VE7KJP5J;
				INFOPLIST_FILE = "Wisata json ios/Info.plist";
				LD_RUNPATH_SEARCH_PATHS = "$(inherited) @executable_path/Frameworks";
				PRODUCT_BUNDLE_IDENTIFIER = "imastudio.co.id.Wisata-json-ios";
				PRODUCT_NAME = "$(TARGET_NAME)";
				SWIFT_VERSION = 4.0;
				TARGETED_DEVICE_FAMILY = "1,2";
			};
			name = Release;
		};
/* End XCBuildConfiguration section */

/* Begin XCConfigurationList section */
		2DBF9408205124A5000AFD07 /* Build configuration list for PBXProject "Wisata json ios" */ = {
			isa = XCConfigurationList;
			buildConfigurations = (
				2DBF941D205124A5000AFD07 /* Debug */,
				2DBF941E205124A5000AFD07 /* Release */,
			);
			defaultConfigurationIsVisible = 0;
			defaultConfigurationName = Release;
		};
		2DBF941F205124A5000AFD07 /* Build configuration list for PBXNativeTarget "Wisata json ios" */ = {
			isa = XCConfigurationList;
			buildConfigurations = (
				2DBF9420205124A5000AFD07 /* Debug */,
				2DBF9421205124A5000AFD07 /* Release */,
			);
			defaultConfigurationIsVisible = 0;
			defaultConfigurationName = Release;
		};
/* End XCConfigurationList section */
	};
	rootObject = 2DBF9405205124A5000AFD07 /* Project object */;
}
